
Microsoft Visual Studio Solution File, Format Version 12.00
# Visual Studio Version 16
VisualStudioVersion = 16.0.31911.196
MinimumVisualStudioVersion = 10.0.40219.1
Project("{FAE04EC0-301F-11D3-BF4B-00C04F79EFBC}") = "Lesson1", "CS\Lesson1.csproj", "{422C0B7E-A90F-403F-AA1E-5537026691A0}"
EndProject
Project("{FAE04EC0-301F-11D3-BF4B-00C04F79EFBC}") = "Lesson2", "Lesson2\Lesson2.csproj", "{4E1BAA28-41EA-47BA-AF19-92FF2888A4F8}"
EndProject
Project("{FAE04EC0-301F-11D3-BF4B-00C04F79EFBC}") = "Lesson3", "Lesson3\Lesson3.csproj", "{34C48AE1-6615-49F9-9D1E-C4F8CD8847F3}"
EndProject
Project("{FAE04EC0-301F-11D3-BF4B-00C04F79EFBC}") = "Lesson4", "Lesson4\Lesson4.csproj", "{069FBDC6-AD76-41AF-B2C7-A4E30D55EB96}"
EndProject
Project("{FAE04EC0-301F-11D3-BF4B-00C04F79EFBC}") = "Lesson5", "Lesson5\Lesson5.csproj", "{654DB63E-C2FA-46F7-AFB0-8518139EA8C3}"
EndProject
Project("{FAE04EC0-301F-11D3-BF4B-00C04F79EFBC}") = "Lesson6", "Lesson6\Lesson6.csproj", "{48606BE8-DBCC-4D1E-AE3C-F913C789E27E}"
EndProject
Global
	GlobalSection(SolutionConfigurationPlatforms) = preSolution
		Debug|Any CPU = Debug|Any CPU
		Release|Any CPU = Release|Any CPU
	EndGlobalSection
	GlobalSection(ProjectConfigurationPlatforms) = postSolution
		{422C0B7E-A90F-403F-AA1E-5537026691A0}.Debug|Any CPU.ActiveCfg = Debug|Any CPU
		{422C0B7E-A90F-403F-AA1E-5537026691A0}.Debug|Any CPU.Build.0 = Debug|Any CPU
		{422C0B7E-A90F-403F-AA1E-5537026691A0}.Release|Any CPU.ActiveCfg = Release|Any CPU
		{422C0B7E-A90F-403F-AA1E-5537026691A0}.Release|Any CPU.Build.0 = Release|Any CPU
		{4E1BAA28-41EA-47BA-AF19-92FF2888A4F8}.Debug|Any CPU.ActiveCfg = Debug|Any CPU
		{4E1BAA28-41EA-47BA-AF19-92FF2888A4F8}.Debug|Any CPU.Build.0 = Debug|Any CPU
		{4E1BAA28-41EA-47BA-AF19-92FF2888A4F8}.Release|Any CPU.ActiveCfg = Release|Any CPU
		{4E1BAA28-41EA-47BA-AF19-92FF2888A4F8}.Release|Any CPU.Build.0 = Release|Any CPU
		{34C48AE1-6615-49F9-9D1E-C4F8CD8847F3}.Debug|Any CPU.ActiveCfg = Debug|Any CPU
		{34C48AE1-6615-49F9-9D1E-C4F8CD8847F3}.Debug|Any CPU.Build.0 = Debug|Any CPU
		{34C48AE1-6615-49F9-9D1E-C4F8CD8847F3}.Release|Any CPU.ActiveCfg = Release|Any CPU
		{34C48AE1-6615-49F9-9D1E-C4F8CD8847F3}.Release|Any CPU.Build.0 = Release|Any CPU
		{069FBDC6-AD76-41AF-B2C7-A4E30D55EB96}.Debug|Any CPU.ActiveCfg = Debug|Any CPU
		{069FBDC6-AD76-41AF-B2C7-A4E30D55EB96}.Debug|Any CPU.Build.0 = Debug|Any CPU
		{069FBDC6-AD76-41AF-B2C7-A4E30D55EB96}.Release|Any CPU.ActiveCfg = Release|Any CPU
		{069FBDC6-AD76-41AF-B2C7-A4E30D55EB96}.Release|Any CPU.Build.0 = Release|Any CPU
		{654DB63E-C2FA-46F7-AFB0-8518139EA8C3}.Debug|Any CPU.ActiveCfg = Debug|Any CPU
		{654DB63E-C2FA-46F7-AFB0-8518139EA8C3}.Debug|Any CPU.Build.0 = Debug|Any CPU
		{654DB63E-C2FA-46F7-AFB0-8518139EA8C3}.Release|Any CPU.ActiveCfg = Release|Any CPU
		{654DB63E-C2FA-46F7-AFB0-8518139EA8C3}.Release|Any CPU.Build.0 = Release|Any CPU
		{48606BE8-DBCC-4D1E-AE3C-F913C789E27E}.Debug|Any CPU.ActiveCfg = Debug|Any CPU
		{48606BE8-DBCC-4D1E-AE3C-F913C789E27E}.Debug|Any CPU.Build.0 = Debug|Any CPU
		{48606BE8-DBCC-4D1E-AE3C-F913C789E27E}.Release|Any CPU.ActiveCfg = Release|Any CPU
		{48606BE8-DBCC-4D1E-AE3C-F913C789E27E}.Release|Any CPU.Build.0 = Release|Any CPU
	EndGlobalSection
	GlobalSection(SolutionProperties) = preSolution
		HideSolutionNode = FALSE
	EndGlobalSection
	GlobalSection(ExtensibilityGlobals) = postSolution
		SolutionGuid = {F042C6BB-B604-4578-B565-DFD2A7A4808C}
	EndGlobalSection
EndGlobal
