
Microsoft Visual Studio Solution File, Format Version 12.00
# Visual Studio Version 16
VisualStudioVersion = 16.0.31911.196
MinimumVisualStudioVersion = 10.0.40219.1
Project("{FAE04EC0-301F-11D3-BF4B-00C04F79EFBC}") = "Lesson1", "CS\Lesson1.csproj", "{422C0B7E-A90F-403F-AA1E-5537026691A0}"
EndProject
Project("{FAE04EC0-301F-11D3-BF4B-00C04F79EFBC}") = "Lesson2", "Lesson2\Lesson2.csproj", "{4E1BAA28-41EA-47BA-AF19-92FF2888A4F8}"
EndProject
Project("{FAE04EC0-301F-11D3-BF4B-00C04F79EFBC}") = "Lesson3", "Lesson3\Lesson3.csproj", "{34C48AE1-6615-49F9-9D1E-C4F8CD8847F3}"
EndProject
Project("{FAE04EC0-301F-11D3-BF4B-00C04F79EFBC}") = "Lesson4", "Lesson4\Lesson4.csproj", "{069FBDC6-AD76-41AF-B2C7-A4E30D55EB96}"
EndProject
Project("{FAE04EC0-301F-11D3-BF4B-00C04F79EFBC}") = "Lesson5", "Lesson5\Lesson5.csproj", "{654DB63E-C2FA-46F7-AFB0-8518139EA8C3}"
EndProject
Project("{FAE04EC0-301F-11D3-BF4B-00C04F79EFBC}") = "Lesson6", "Lesson6\Lesson6.csproj", "{48606BE8-DBCC-4D1E-AE3C-F913C789E27E}"
EndProject
Project("{FAE04EC0-301F-11D3-BF4B-00C04F79EFBC}") = "Lesson7", "Lesson7\Lesson7.csproj", "{E52873D3-9A0C-4FAA-9ABE-CE7047784D1F}"
EndProject
Project("{FAE04EC0-301F-11D3-BF4B-00C04F79EFBC}") = "Lesson8", "Lesson8\Lesson8.csproj", "{B2630B9B-CD56-473E-88CB-C44D9933E6A4}"
EndProject
Project("{FAE04EC0-301F-11D3-BF4B-00C04F79EFBC}") = "Lesson9", "Lesson9\Lesson9.csproj", "{E1C75CDD-B15A-4E46-BBCD-4E735DCAC29C}"
EndProject
Project("{FAE04EC0-301F-11D3-BF4B-00C04F79EFBC}") = "Lesson10", "Lesson10\Lesson10.csproj", "{BF466073-9200-4E75-B6CD-660A7C4D2EAF}"
EndProject
Project("{FAE04EC0-301F-11D3-BF4B-00C04F79EFBC}") = "Lesson11", "Lesson11\Lesson11.csproj", "{9C887A74-A669-4E4D-A1D7-13561ACDE2BB}"
EndProject
Project("{FAE04EC0-301F-11D3-BF4B-00C04F79EFBC}") = "Lesson12", "Lesson12\Lesson12.csproj", "{2B1940A3-0967-4EA2-9943-FF1842312C3D}"
EndProject
Project("{FAE04EC0-301F-11D3-BF4B-00C04F79EFBC}") = "Lesson13", "Lesson13\Lesson13.csproj", "{18E30CFB-5654-4656-BAE5-75E7562E22FD}"
EndProject
Project("{FAE04EC0-301F-11D3-BF4B-00C04F79EFBC}") = "Lesson14", "Lesson14\Lesson14.csproj", "{AE903971-DD65-424A-94B1-B7959CEDCAC1}"
EndProject
Project("{FAE04EC0-301F-11D3-BF4B-00C04F79EFBC}") = "Lesson15", "Lesson15\Lesson15.csproj", "{94A71C01-A03D-4C4C-A558-017E78EFD3FD}"
EndProject
Project("{FAE04EC0-301F-11D3-BF4B-00C04F79EFBC}") = "Lesson16", "Lesson16\Lesson16.csproj", "{1AF9CC5D-CC30-4947-A136-B976B92730C9}"
EndProject
Project("{FAE04EC0-301F-11D3-BF4B-00C04F79EFBC}") = "Lesson17", "Lesson17\Lesson17.csproj", "{CB87C4F5-5B6C-4441-B29D-E157B8AE59ED}"
EndProject
Global
	GlobalSection(SolutionConfigurationPlatforms) = preSolution
		Debug|Any CPU = Debug|Any CPU
		Release|Any CPU = Release|Any CPU
	EndGlobalSection
	GlobalSection(ProjectConfigurationPlatforms) = postSolution
		{422C0B7E-A90F-403F-AA1E-5537026691A0}.Debug|Any CPU.ActiveCfg = Debug|Any CPU
		{422C0B7E-A90F-403F-AA1E-5537026691A0}.Debug|Any CPU.Build.0 = Debug|Any CPU
		{422C0B7E-A90F-403F-AA1E-5537026691A0}.Release|Any CPU.ActiveCfg = Release|Any CPU
		{422C0B7E-A90F-403F-AA1E-5537026691A0}.Release|Any CPU.Build.0 = Release|Any CPU
		{4E1BAA28-41EA-47BA-AF19-92FF2888A4F8}.Debug|Any CPU.ActiveCfg = Debug|Any CPU
		{4E1BAA28-41EA-47BA-AF19-92FF2888A4F8}.Debug|Any CPU.Build.0 = Debug|Any CPU
		{4E1BAA28-41EA-47BA-AF19-92FF2888A4F8}.Release|Any CPU.ActiveCfg = Release|Any CPU
		{4E1BAA28-41EA-47BA-AF19-92FF2888A4F8}.Release|Any CPU.Build.0 = Release|Any CPU
		{34C48AE1-6615-49F9-9D1E-C4F8CD8847F3}.Debug|Any CPU.ActiveCfg = Debug|Any CPU
		{34C48AE1-6615-49F9-9D1E-C4F8CD8847F3}.Debug|Any CPU.Build.0 = Debug|Any CPU
		{34C48AE1-6615-49F9-9D1E-C4F8CD8847F3}.Release|Any CPU.ActiveCfg = Release|Any CPU
		{34C48AE1-6615-49F9-9D1E-C4F8CD8847F3}.Release|Any CPU.Build.0 = Release|Any CPU
		{069FBDC6-AD76-41AF-B2C7-A4E30D55EB96}.Debug|Any CPU.ActiveCfg = Debug|Any CPU
		{069FBDC6-AD76-41AF-B2C7-A4E30D55EB96}.Debug|Any CPU.Build.0 = Debug|Any CPU
		{069FBDC6-AD76-41AF-B2C7-A4E30D55EB96}.Release|Any CPU.ActiveCfg = Release|Any CPU
		{069FBDC6-AD76-41AF-B2C7-A4E30D55EB96}.Release|Any CPU.Build.0 = Release|Any CPU
		{654DB63E-C2FA-46F7-AFB0-8518139EA8C3}.Debug|Any CPU.ActiveCfg = Debug|Any CPU
		{654DB63E-C2FA-46F7-AFB0-8518139EA8C3}.Debug|Any CPU.Build.0 = Debug|Any CPU
		{654DB63E-C2FA-46F7-AFB0-8518139EA8C3}.Release|Any CPU.ActiveCfg = Release|Any CPU
		{654DB63E-C2FA-46F7-AFB0-8518139EA8C3}.Release|Any CPU.Build.0 = Release|Any CPU
		{48606BE8-DBCC-4D1E-AE3C-F913C789E27E}.Debug|Any CPU.ActiveCfg = Debug|Any CPU
		{48606BE8-DBCC-4D1E-AE3C-F913C789E27E}.Debug|Any CPU.Build.0 = Debug|Any CPU
		{48606BE8-DBCC-4D1E-AE3C-F913C789E27E}.Release|Any CPU.ActiveCfg = Release|Any CPU
		{48606BE8-DBCC-4D1E-AE3C-F913C789E27E}.Release|Any CPU.Build.0 = Release|Any CPU
		{E52873D3-9A0C-4FAA-9ABE-CE7047784D1F}.Debug|Any CPU.ActiveCfg = Debug|Any CPU
		{E52873D3-9A0C-4FAA-9ABE-CE7047784D1F}.Debug|Any CPU.Build.0 = Debug|Any CPU
		{E52873D3-9A0C-4FAA-9ABE-CE7047784D1F}.Release|Any CPU.ActiveCfg = Release|Any CPU
		{E52873D3-9A0C-4FAA-9ABE-CE7047784D1F}.Release|Any CPU.Build.0 = Release|Any CPU
		{B2630B9B-CD56-473E-88CB-C44D9933E6A4}.Debug|Any CPU.ActiveCfg = Debug|Any CPU
		{B2630B9B-CD56-473E-88CB-C44D9933E6A4}.Debug|Any CPU.Build.0 = Debug|Any CPU
		{B2630B9B-CD56-473E-88CB-C44D9933E6A4}.Release|Any CPU.ActiveCfg = Release|Any CPU
		{B2630B9B-CD56-473E-88CB-C44D9933E6A4}.Release|Any CPU.Build.0 = Release|Any CPU
		{E1C75CDD-B15A-4E46-BBCD-4E735DCAC29C}.Debug|Any CPU.ActiveCfg = Debug|Any CPU
		{E1C75CDD-B15A-4E46-BBCD-4E735DCAC29C}.Debug|Any CPU.Build.0 = Debug|Any CPU
		{E1C75CDD-B15A-4E46-BBCD-4E735DCAC29C}.Release|Any CPU.ActiveCfg = Release|Any CPU
		{E1C75CDD-B15A-4E46-BBCD-4E735DCAC29C}.Release|Any CPU.Build.0 = Release|Any CPU
		{BF466073-9200-4E75-B6CD-660A7C4D2EAF}.Debug|Any CPU.ActiveCfg = Debug|Any CPU
		{BF466073-9200-4E75-B6CD-660A7C4D2EAF}.Debug|Any CPU.Build.0 = Debug|Any CPU
		{BF466073-9200-4E75-B6CD-660A7C4D2EAF}.Release|Any CPU.ActiveCfg = Release|Any CPU
		{BF466073-9200-4E75-B6CD-660A7C4D2EAF}.Release|Any CPU.Build.0 = Release|Any CPU
		{9C887A74-A669-4E4D-A1D7-13561ACDE2BB}.Debug|Any CPU.ActiveCfg = Debug|Any CPU
		{9C887A74-A669-4E4D-A1D7-13561ACDE2BB}.Debug|Any CPU.Build.0 = Debug|Any CPU
		{9C887A74-A669-4E4D-A1D7-13561ACDE2BB}.Release|Any CPU.ActiveCfg = Release|Any CPU
		{9C887A74-A669-4E4D-A1D7-13561ACDE2BB}.Release|Any CPU.Build.0 = Release|Any CPU
		{2B1940A3-0967-4EA2-9943-FF1842312C3D}.Debug|Any CPU.ActiveCfg = Debug|Any CPU
		{2B1940A3-0967-4EA2-9943-FF1842312C3D}.Debug|Any CPU.Build.0 = Debug|Any CPU
		{2B1940A3-0967-4EA2-9943-FF1842312C3D}.Release|Any CPU.ActiveCfg = Release|Any CPU
		{2B1940A3-0967-4EA2-9943-FF1842312C3D}.Release|Any CPU.Build.0 = Release|Any CPU
		{18E30CFB-5654-4656-BAE5-75E7562E22FD}.Debug|Any CPU.ActiveCfg = Debug|Any CPU
		{18E30CFB-5654-4656-BAE5-75E7562E22FD}.Debug|Any CPU.Build.0 = Debug|Any CPU
		{18E30CFB-5654-4656-BAE5-75E7562E22FD}.Release|Any CPU.ActiveCfg = Release|Any CPU
		{18E30CFB-5654-4656-BAE5-75E7562E22FD}.Release|Any CPU.Build.0 = Release|Any CPU
		{AE903971-DD65-424A-94B1-B7959CEDCAC1}.Debug|Any CPU.ActiveCfg = Debug|Any CPU
		{AE903971-DD65-424A-94B1-B7959CEDCAC1}.Debug|Any CPU.Build.0 = Debug|Any CPU
		{AE903971-DD65-424A-94B1-B7959CEDCAC1}.Release|Any CPU.ActiveCfg = Release|Any CPU
		{AE903971-DD65-424A-94B1-B7959CEDCAC1}.Release|Any CPU.Build.0 = Release|Any CPU
		{94A71C01-A03D-4C4C-A558-017E78EFD3FD}.Debug|Any CPU.ActiveCfg = Debug|Any CPU
		{94A71C01-A03D-4C4C-A558-017E78EFD3FD}.Debug|Any CPU.Build.0 = Debug|Any CPU
		{94A71C01-A03D-4C4C-A558-017E78EFD3FD}.Release|Any CPU.ActiveCfg = Release|Any CPU
		{94A71C01-A03D-4C4C-A558-017E78EFD3FD}.Release|Any CPU.Build.0 = Release|Any CPU
		{1AF9CC5D-CC30-4947-A136-B976B92730C9}.Debug|Any CPU.ActiveCfg = Debug|Any CPU
		{1AF9CC5D-CC30-4947-A136-B976B92730C9}.Debug|Any CPU.Build.0 = Debug|Any CPU
		{1AF9CC5D-CC30-4947-A136-B976B92730C9}.Release|Any CPU.ActiveCfg = Release|Any CPU
		{1AF9CC5D-CC30-4947-A136-B976B92730C9}.Release|Any CPU.Build.0 = Release|Any CPU
		{CB87C4F5-5B6C-4441-B29D-E157B8AE59ED}.Debug|Any CPU.ActiveCfg = Debug|Any CPU
		{CB87C4F5-5B6C-4441-B29D-E157B8AE59ED}.Debug|Any CPU.Build.0 = Debug|Any CPU
		{CB87C4F5-5B6C-4441-B29D-E157B8AE59ED}.Release|Any CPU.ActiveCfg = Release|Any CPU
		{CB87C4F5-5B6C-4441-B29D-E157B8AE59ED}.Release|Any CPU.Build.0 = Release|Any CPU
	EndGlobalSection
	GlobalSection(SolutionProperties) = preSolution
		HideSolutionNode = FALSE
	EndGlobalSection
	GlobalSection(ExtensibilityGlobals) = postSolution
		SolutionGuid = {F042C6BB-B604-4578-B565-DFD2A7A4808C}
	EndGlobalSection
EndGlobal
